
Microsoft Visual Studio Solution File, Format Version 12.00
# Visual Studio Version 17
VisualStudioVersion = 17.7.34024.191
MinimumVisualStudioVersion = 10.0.40219.1
Project("{FAE04EC0-301F-11D3-BF4B-00C04F79EFBC}") = "Lab1", "POP1\Lab1.csproj", "{51612928-7E14-4560-AEAA-065A7FC8C5F9}"
EndProject
Global
	GlobalSection(SolutionConfigurationPlatforms) = preSolution
		Debug|Any CPU = Debug|Any CPU
		Release|Any CPU = Release|Any CPU
	EndGlobalSection
	GlobalSection(ProjectConfigurationPlatforms) = postSolution
		{51612928-7E14-4560-AEAA-065A7FC8C5F9}.Debug|Any CPU.ActiveCfg = Debug|Any CPU
		{51612928-7E14-4560-AEAA-065A7FC8C5F9}.Debug|Any CPU.Build.0 = Debug|Any CPU
		{51612928-7E14-4560-AEAA-065A7FC8C5F9}.Release|Any CPU.ActiveCfg = Release|Any CPU
		{51612928-7E14-4560-AEAA-065A7FC8C5F9}.Release|Any CPU.Build.0 = Release|Any CPU
	EndGlobalSection
	GlobalSection(SolutionProperties) = preSolution
		HideSolutionNode = FALSE
	EndGlobalSection
	GlobalSection(ExtensibilityGlobals) = postSolution
		SolutionGuid = {A354CBF3-32FF-4A8A-BF3D-1657B1E6717F}
	EndGlobalSection
EndGlobal
